
Microsoft Visual Studio Solution File, Format Version 12.00
# Visual Studio Version 17
VisualStudioVersion = 17.4.33213.308
MinimumVisualStudioVersion = 10.0.40219.1
Project("{F184B08F-C81C-45F6-A57F-5ABD9991F28F}") = "VB_CRUDApp2", "VB_CRUDApp2\VB_CRUDApp2.vbproj", "{77442FDC-4A98-4991-8F14-43F332F753D3}"
EndProject
Global
	GlobalSection(SolutionConfigurationPlatforms) = preSolution
		Debug|Any CPU = Debug|Any CPU
		Release|Any CPU = Release|Any CPU
	EndGlobalSection
	GlobalSection(ProjectConfigurationPlatforms) = postSolution
		{77442FDC-4A98-4991-8F14-43F332F753D3}.Debug|Any CPU.ActiveCfg = Debug|Any CPU
		{77442FDC-4A98-4991-8F14-43F332F753D3}.Debug|Any CPU.Build.0 = Debug|Any CPU
		{77442FDC-4A98-4991-8F14-43F332F753D3}.Release|Any CPU.ActiveCfg = Release|Any CPU
		{77442FDC-4A98-4991-8F14-43F332F753D3}.Release|Any CPU.Build.0 = Release|Any CPU
	EndGlobalSection
	GlobalSection(SolutionProperties) = preSolution
		HideSolutionNode = FALSE
	EndGlobalSection
	GlobalSection(ExtensibilityGlobals) = postSolution
		SolutionGuid = {5B90D984-3DA2-4830-8A1F-298718E7F5B9}
	EndGlobalSection
EndGlobal
